
Microsoft Visual Studio Solution File, Format Version 12.00
# Visual Studio Version 16
VisualStudioVersion = 16.0.29709.97
MinimumVisualStudioVersion = 15.0.26124.0
Project("{2150E333-8FDC-42A3-9474-1A3956D46DE8}") = "Catalog", "Catalog", "{E406BED2-0EEF-47E5-A59F-CDC579D4A8C2}"
EndProject
Project("{2150E333-8FDC-42A3-9474-1A3956D46DE8}") = "Voting", "Voting", "{4E464AF5-8F86-42CD-9F8C-CDE226A9DCB8}"
EndProject
Project("{9A19103F-16F7-4668-BE54-9A1E7A4F7556}") = "PushFive.Catalog.WebApi", "Catalog\PushFive.Catalog.WebApi\PushFive.Catalog.WebApi.csproj", "{35157D12-CA32-45C8-8240-A17A7C3F2BE0}"
EndProject
Project("{9A19103F-16F7-4668-BE54-9A1E7A4F7556}") = "PushFive.Voting.WebApi", "Voting\PushFive.Voting.WebApi\PushFive.Voting.WebApi.csproj", "{D269B726-E9A9-42E7-8A54-02F60AB3153E}"
EndProject
Project("{9A19103F-16F7-4668-BE54-9A1E7A4F7556}") = "PushFive.Catalog.Domain", "Catalog\PushFive.Catalog.Domain\PushFive.Catalog.Domain.csproj", "{E9CB0C69-87EB-4E52-8284-6821D5CFCE6A}"
EndProject
Project("{9A19103F-16F7-4668-BE54-9A1E7A4F7556}") = "PushFive.Catalog.Data", "Catalog\PushFive.Catalog.Data\PushFive.Catalog.Data.csproj", "{2EDE4545-0667-4C75-8E0E-170EABE0DA1D}"
EndProject
Project("{9A19103F-16F7-4668-BE54-9A1E7A4F7556}") = "PushFive.Voting.Domain", "Voting\PushFive.Voting.Domain\PushFive.Voting.Domain.csproj", "{A9A7A56B-18B3-4B42-BEF4-855F25BC687A}"
EndProject
Project("{2150E333-8FDC-42A3-9474-1A3956D46DE8}") = "Core", "Core", "{D10F39E2-DD16-432F-9D4C-EAEBB0757980}"
EndProject
Project("{9A19103F-16F7-4668-BE54-9A1E7A4F7556}") = "PushFive.Core", "Core\PushFive.Core\PushFive.Core.csproj", "{E4539930-4168-490C-BE4B-D35817AA61A7}"
EndProject
Global
	GlobalSection(SolutionConfigurationPlatforms) = preSolution
		Debug|Any CPU = Debug|Any CPU
		Release|Any CPU = Release|Any CPU
	EndGlobalSection
	GlobalSection(ProjectConfigurationPlatforms) = postSolution
		{35157D12-CA32-45C8-8240-A17A7C3F2BE0}.Debug|Any CPU.ActiveCfg = Debug|Any CPU
		{35157D12-CA32-45C8-8240-A17A7C3F2BE0}.Debug|Any CPU.Build.0 = Debug|Any CPU
		{35157D12-CA32-45C8-8240-A17A7C3F2BE0}.Release|Any CPU.ActiveCfg = Release|Any CPU
		{35157D12-CA32-45C8-8240-A17A7C3F2BE0}.Release|Any CPU.Build.0 = Release|Any CPU
		{D269B726-E9A9-42E7-8A54-02F60AB3153E}.Debug|Any CPU.ActiveCfg = Debug|Any CPU
		{D269B726-E9A9-42E7-8A54-02F60AB3153E}.Debug|Any CPU.Build.0 = Debug|Any CPU
		{D269B726-E9A9-42E7-8A54-02F60AB3153E}.Release|Any CPU.ActiveCfg = Release|Any CPU
		{D269B726-E9A9-42E7-8A54-02F60AB3153E}.Release|Any CPU.Build.0 = Release|Any CPU
		{E9CB0C69-87EB-4E52-8284-6821D5CFCE6A}.Debug|Any CPU.ActiveCfg = Debug|Any CPU
		{E9CB0C69-87EB-4E52-8284-6821D5CFCE6A}.Debug|Any CPU.Build.0 = Debug|Any CPU
		{E9CB0C69-87EB-4E52-8284-6821D5CFCE6A}.Release|Any CPU.ActiveCfg = Release|Any CPU
		{E9CB0C69-87EB-4E52-8284-6821D5CFCE6A}.Release|Any CPU.Build.0 = Release|Any CPU
		{2EDE4545-0667-4C75-8E0E-170EABE0DA1D}.Debug|Any CPU.ActiveCfg = Debug|Any CPU
		{2EDE4545-0667-4C75-8E0E-170EABE0DA1D}.Debug|Any CPU.Build.0 = Debug|Any CPU
		{2EDE4545-0667-4C75-8E0E-170EABE0DA1D}.Release|Any CPU.ActiveCfg = Release|Any CPU
		{2EDE4545-0667-4C75-8E0E-170EABE0DA1D}.Release|Any CPU.Build.0 = Release|Any CPU
		{A9A7A56B-18B3-4B42-BEF4-855F25BC687A}.Debug|Any CPU.ActiveCfg = Debug|Any CPU
		{A9A7A56B-18B3-4B42-BEF4-855F25BC687A}.Debug|Any CPU.Build.0 = Debug|Any CPU
		{A9A7A56B-18B3-4B42-BEF4-855F25BC687A}.Release|Any CPU.ActiveCfg = Release|Any CPU
		{A9A7A56B-18B3-4B42-BEF4-855F25BC687A}.Release|Any CPU.Build.0 = Release|Any CPU
		{E4539930-4168-490C-BE4B-D35817AA61A7}.Debug|Any CPU.ActiveCfg = Debug|Any CPU
		{E4539930-4168-490C-BE4B-D35817AA61A7}.Debug|Any CPU.Build.0 = Debug|Any CPU
		{E4539930-4168-490C-BE4B-D35817AA61A7}.Release|Any CPU.ActiveCfg = Release|Any CPU
		{E4539930-4168-490C-BE4B-D35817AA61A7}.Release|Any CPU.Build.0 = Release|Any CPU
	EndGlobalSection
	GlobalSection(SolutionProperties) = preSolution
		HideSolutionNode = FALSE
	EndGlobalSection
	GlobalSection(NestedProjects) = preSolution
		{35157D12-CA32-45C8-8240-A17A7C3F2BE0} = {E406BED2-0EEF-47E5-A59F-CDC579D4A8C2}
		{D269B726-E9A9-42E7-8A54-02F60AB3153E} = {4E464AF5-8F86-42CD-9F8C-CDE226A9DCB8}
		{E9CB0C69-87EB-4E52-8284-6821D5CFCE6A} = {E406BED2-0EEF-47E5-A59F-CDC579D4A8C2}
		{2EDE4545-0667-4C75-8E0E-170EABE0DA1D} = {E406BED2-0EEF-47E5-A59F-CDC579D4A8C2}
		{A9A7A56B-18B3-4B42-BEF4-855F25BC687A} = {4E464AF5-8F86-42CD-9F8C-CDE226A9DCB8}
		{E4539930-4168-490C-BE4B-D35817AA61A7} = {D10F39E2-DD16-432F-9D4C-EAEBB0757980}
	EndGlobalSection
	GlobalSection(ExtensibilityGlobals) = postSolution
		SolutionGuid = {0297FAB6-2034-44DC-859E-D9B907F19FB2}
	EndGlobalSection
EndGlobal
